
Microsoft Visual Studio Solution File, Format Version 12.00
# Visual Studio Version 17
VisualStudioVersion = 17.5.33516.290
MinimumVisualStudioVersion = 10.0.40219.1
Project("{9A19103F-16F7-4668-BE54-9A1E7A4F7556}") = "FPT_Education_IC", "FPT_Education_IC\FPT_Education_IC.csproj", "{3BD4894A-6AC1-47BE-8D6B-A4D73945C947}"
EndProject
Global
	GlobalSection(SolutionConfigurationPlatforms) = preSolution
		Debug|Any CPU = Debug|Any CPU
		Release|Any CPU = Release|Any CPU
	EndGlobalSection
	GlobalSection(ProjectConfigurationPlatforms) = postSolution
		{3BD4894A-6AC1-47BE-8D6B-A4D73945C947}.Debug|Any CPU.ActiveCfg = Debug|Any CPU
		{3BD4894A-6AC1-47BE-8D6B-A4D73945C947}.Debug|Any CPU.Build.0 = Debug|Any CPU
		{3BD4894A-6AC1-47BE-8D6B-A4D73945C947}.Release|Any CPU.ActiveCfg = Release|Any CPU
		{3BD4894A-6AC1-47BE-8D6B-A4D73945C947}.Release|Any CPU.Build.0 = Release|Any CPU
	EndGlobalSection
	GlobalSection(SolutionProperties) = preSolution
		HideSolutionNode = FALSE
	EndGlobalSection
	GlobalSection(ExtensibilityGlobals) = postSolution
		SolutionGuid = {3FF56990-3572-44DA-8E9C-36B46E46774F}
	EndGlobalSection
EndGlobal
